github.com/mikeraimondi/frontmatter v0.0.0-20190515040544-c0cdf5c19374 h1:T/yzEeAUk7MJs3ZVt9LEJaLoJBuBeAEUlVXdw0hToEM=
github.com/mikeraimondi/frontmatter v0.0.0-20190515040544-c0cdf5c19374/go.mod h1:IhvJAewjp67QQi4aWcqF5ZKZQnp4BSHKABRY9Km72XE=
github.com/mikeraimondi/frontmatter/v2 v2.0.0 h1:YQixOisdhGKxYcuLogB16xEWZgMRtRyJCdgxR3SyZYA=
github.com/mikeraimondi/frontmatter/v2 v2.0.0/go.mod h1:NxPqvAD3O8vejYinTR1dDAjEK8XfwiBlrpzMnHeE9E8=
github.com/mikeraimondi/journalentry v0.0.0-20190515041046-3ac32348da5b h1:XfKBCBu98u3cau4dpAn3YVmrzM2LcHpYzS3KZw7uBVo=
github.com/mikeraimondi/journalentry v0.0.0-20190515041046-3ac32348da5b/go.mod h1:w5if1VlT6xIpop4enlmtppRSnQnIPB5k12RwowgBnII=
github.com/mikeraimondi/journalentry/v2 v2.0.0 h1:X9kKoYP2Ke7gnObUNyz+y2+c32QOXwH4qu/Eo+/PLw4=
github.com/mikeraimondi/journalentry/v2 v2.0.0/go.mod h1:qbk+brYlN6xt4FlrtD2JKY92xSU/zpZLuH3QEtjszqM=
gopkg.in/check.v1 v0.0.0-20161208181325-20d25e280405 h1:yhCVgyC4o1eVCa2tZl7eS0r+SDo693bJlVdllGtEeKM=
gopkg.in/check.v1 v0.0.0-20161208181325-20d25e280405/go.mod h1:Co6ibVJAznAaIkqp8huTwlJQCZ016jof/cbN4VW5Yz0=
gopkg.in/check.v1 v1.0.0-20180628173108-788fd7840127/go.mod h1:Co6ibVJAznAaIkqp8huTwlJQCZ016jof/cbN4VW5Yz0=
gopkg.in/yaml.v2 v2.2.2 h1:ZCJp+EgiOT7lHqUV2J862kp8Qj64Jo6az82+3Td9dZw=
gopkg.in/yaml.v2 v2.2.2/go.mod h1:hI93XBmqTisBFMUTm0b8Fm+jr3Dg1NNxqwp+5A1VGuI=
